// !$*UTF8*$!
{
	archiveVersion = 1;
	classes = {
	};
	objectVersion = 55;
	objects = {

/* Begin PBXBuildFile section */
		CF6BF62C27065EFD00500382 /* FavoritesTVShows+CoreDataClass.swift in Sources */ = {isa = PBXBuildFile; fileRef = CF6BF62827065D8800500382 /* FavoritesTVShows+CoreDataClass.swift */; };
		CF6BF62D27065EFD00500382 /* FavoritesTVShows+CoreDataProperties.swift in Sources */ = {isa = PBXBuildFile; fileRef = CF6BF62927065D8800500382 /* FavoritesTVShows+CoreDataProperties.swift */; };
		CF6BF6302706751000500382 /* FavoritesInteractor.swift in Sources */ = {isa = PBXBuildFile; fileRef = CF6BF62F2706751000500382 /* FavoritesInteractor.swift */; };
		CF6BF6332706763200500382 /* FavoritesPresenter.swift in Sources */ = {isa = PBXBuildFile; fileRef = CF6BF6322706763200500382 /* FavoritesPresenter.swift */; };
		CF6BF636270678FC00500382 /* FavoritesRouter.swift in Sources */ = {isa = PBXBuildFile; fileRef = CF6BF635270678FC00500382 /* FavoritesRouter.swift */; };
		CF6BF63A27077DBB00500382 /* TVShowDetailRouter.swift in Sources */ = {isa = PBXBuildFile; fileRef = CF6BF63927077DBB00500382 /* TVShowDetailRouter.swift */; };
		CF6BF63D27077F7300500382 /* TVShowDetailInteractor.swift in Sources */ = {isa = PBXBuildFile; fileRef = CF6BF63C27077F7300500382 /* TVShowDetailInteractor.swift */; };
		CF6BF6402707816900500382 /* TVShowDetailPresenter.swift in Sources */ = {isa = PBXBuildFile; fileRef = CF6BF63F2707816900500382 /* TVShowDetailPresenter.swift */; };
		CF6BF644270787D900500382 /* TVShowDetailViewController.swift in Sources */ = {isa = PBXBuildFile; fileRef = CF6BF642270787D900500382 /* TVShowDetailViewController.swift */; };
		CF6BF645270787D900500382 /* TVShowDetailViewController.xib in Resources */ = {isa = PBXBuildFile; fileRef = CF6BF643270787D900500382 /* TVShowDetailViewController.xib */; };
		CF6BF6472707B11800500382 /* UIView+Extension.swift in Sources */ = {isa = PBXBuildFile; fileRef = CF6BF6462707B11800500382 /* UIView+Extension.swift */; };
		CF6BF64A2708397100500382 /* GlobalDataManager.swift in Sources */ = {isa = PBXBuildFile; fileRef = CF6BF6492708397100500382 /* GlobalDataManager.swift */; };
		CFD3443C2704E7B300EDDB54 /* AppDelegate.swift in Sources */ = {isa = PBXBuildFile; fileRef = CFD3443B2704E7B300EDDB54 /* AppDelegate.swift */; };
		CFD344462704E7B300EDDB54 /* TVShows.xcdatamodeld in Sources */ = {isa = PBXBuildFile; fileRef = CFD344442704E7B300EDDB54 /* TVShows.xcdatamodeld */; };
		CFD344482704E7B600EDDB54 /* Assets.xcassets in Resources */ = {isa = PBXBuildFile; fileRef = CFD344472704E7B600EDDB54 /* Assets.xcassets */; };
		CFD3444B2704E7B600EDDB54 /* LaunchScreen.storyboard in Resources */ = {isa = PBXBuildFile; fileRef = CFD344492704E7B600EDDB54 /* LaunchScreen.storyboard */; };
		CFD344562704E7B600EDDB54 /* TVShowsTests.swift in Sources */ = {isa = PBXBuildFile; fileRef = CFD344552704E7B600EDDB54 /* TVShowsTests.swift */; };
		CFD344602704E7B600EDDB54 /* TVShowsUITests.swift in Sources */ = {isa = PBXBuildFile; fileRef = CFD3445F2704E7B600EDDB54 /* TVShowsUITests.swift */; };
		CFD344622704E7B600EDDB54 /* TVShowsUITestsLaunchTests.swift in Sources */ = {isa = PBXBuildFile; fileRef = CFD344612704E7B600EDDB54 /* TVShowsUITestsLaunchTests.swift */; };
		CFD344732705237100EDDB54 /* TabBarViewController.swift in Sources */ = {isa = PBXBuildFile; fileRef = CFD344722705237100EDDB54 /* TabBarViewController.swift */; };
		CFD3447D2705340300EDDB54 /* TVShowsViewController.swift in Sources */ = {isa = PBXBuildFile; fileRef = CFD3447B2705340300EDDB54 /* TVShowsViewController.swift */; };
		CFD3447E2705340300EDDB54 /* TVShowsViewController.xib in Resources */ = {isa = PBXBuildFile; fileRef = CFD3447C2705340300EDDB54 /* TVShowsViewController.xib */; };
		CFD34482270534DD00EDDB54 /* FavoritesViewController.swift in Sources */ = {isa = PBXBuildFile; fileRef = CFD34480270534DD00EDDB54 /* FavoritesViewController.swift */; };
		CFD34483270534DD00EDDB54 /* FavoritesViewController.xib in Resources */ = {isa = PBXBuildFile; fileRef = CFD34481270534DD00EDDB54 /* FavoritesViewController.xib */; };
		CFD3448727053BB800EDDB54 /* UIColor+Extension.swift in Sources */ = {isa = PBXBuildFile; fileRef = CFD3448627053BB800EDDB54 /* UIColor+Extension.swift */; };
		CFD3448A2705EE5A00EDDB54 /* TVSNavigationController.swift in Sources */ = {isa = PBXBuildFile; fileRef = CFD344892705EE5A00EDDB54 /* TVSNavigationController.swift */; };
		CFD344902705F19700EDDB54 /* TVMazeApi.swift in Sources */ = {isa = PBXBuildFile; fileRef = CFD3448F2705F19700EDDB54 /* TVMazeApi.swift */; };
		CFD344952705F47500EDDB54 /* TVShowTableViewCell.swift in Sources */ = {isa = PBXBuildFile; fileRef = CFD344932705F47500EDDB54 /* TVShowTableViewCell.swift */; };
		CFD344962705F47500EDDB54 /* TVShowTableViewCell.xib in Resources */ = {isa = PBXBuildFile; fileRef = CFD344942705F47500EDDB54 /* TVShowTableViewCell.xib */; };
		CFD344982706118C00EDDB54 /* CoreDataManager.swift in Sources */ = {isa = PBXBuildFile; fileRef = CFD344972706118C00EDDB54 /* CoreDataManager.swift */; };
		CFD3449B270611CB00EDDB54 /* APiCaller.swift in Sources */ = {isa = PBXBuildFile; fileRef = CFD3449A270611CB00EDDB54 /* APiCaller.swift */; };
		CFD3449E27061CF400EDDB54 /* TVShowsPresenter.swift in Sources */ = {isa = PBXBuildFile; fileRef = CFD3449D27061CF400EDDB54 /* TVShowsPresenter.swift */; };
		CFD344A127061DEB00EDDB54 /* TVShow.swift in Sources */ = {isa = PBXBuildFile; fileRef = CFD344A027061DEB00EDDB54 /* TVShow.swift */; };
		CFD344A42706391500EDDB54 /* TVShowsInteractor.swift in Sources */ = {isa = PBXBuildFile; fileRef = CFD344A32706391500EDDB54 /* TVShowsInteractor.swift */; };
		CFD344A727063F9D00EDDB54 /* TVShowsRouter.swift in Sources */ = {isa = PBXBuildFile; fileRef = CFD344A627063F9D00EDDB54 /* TVShowsRouter.swift */; };
		CFDCE4992708694E00DFE58E /* COMMENTS.txt in Resources */ = {isa = PBXBuildFile; fileRef = CFDCE4982708694E00DFE58E /* COMMENTS.txt */; };
		CFDDCBA627064CF5003307A8 /* SDWebImage in Frameworks */ = {isa = PBXBuildFile; productRef = CFDDCBA527064CF5003307A8 /* SDWebImage */; };
/* End PBXBuildFile section */

/* Begin PBXContainerItemProxy section */
		CFD344522704E7B600EDDB54 /* PBXContainerItemProxy */ = {
			isa = PBXContainerItemProxy;
			containerPortal = CFD344302704E7B300EDDB54 /* Project object */;
			proxyType = 1;
			remoteGlobalIDString = CFD344372704E7B300EDDB54;
			remoteInfo = TVShows;
		};
		CFD3445C2704E7B600EDDB54 /* PBXContainerItemProxy */ = {
			isa = PBXContainerItemProxy;
			containerPortal = CFD344302704E7B300EDDB54 /* Project object */;
			proxyType = 1;
			remoteGlobalIDString = CFD344372704E7B300EDDB54;
			remoteInfo = TVShows;
		};
/* End PBXContainerItemProxy section */

/* Begin PBXFileReference section */
		CF6BF62827065D8800500382 /* FavoritesTVShows+CoreDataClass.swift */ = {isa = PBXFileReference; lastKnownFileType = sourcecode.swift; path = "FavoritesTVShows+CoreDataClass.swift"; sourceTree = "<group>"; };
		CF6BF62927065D8800500382 /* FavoritesTVShows+CoreDataProperties.swift */ = {isa = PBXFileReference; lastKnownFileType = sourcecode.swift; path = "FavoritesTVShows+CoreDataProperties.swift"; sourceTree = "<group>"; };
		CF6BF62F2706751000500382 /* FavoritesInteractor.swift */ = {isa = PBXFileReference; lastKnownFileType = sourcecode.swift; path = FavoritesInteractor.swift; sourceTree = "<group>"; };
		CF6BF6322706763200500382 /* FavoritesPresenter.swift */ = {isa = PBXFileReference; lastKnownFileType = sourcecode.swift; path = FavoritesPresenter.swift; sourceTree = "<group>"; };
		CF6BF635270678FC00500382 /* FavoritesRouter.swift */ = {isa = PBXFileReference; lastKnownFileType = sourcecode.swift; path = FavoritesRouter.swift; sourceTree = "<group>"; };
		CF6BF63927077DBB00500382 /* TVShowDetailRouter.swift */ = {isa = PBXFileReference; lastKnownFileType = sourcecode.swift; path = TVShowDetailRouter.swift; sourceTree = "<group>"; };
		CF6BF63C27077F7300500382 /* TVShowDetailInteractor.swift */ = {isa = PBXFileReference; lastKnownFileType = sourcecode.swift; path = TVShowDetailInteractor.swift; sourceTree = "<group>"; };
		CF6BF63F2707816900500382 /* TVShowDetailPresenter.swift */ = {isa = PBXFileReference; lastKnownFileType = sourcecode.swift; path = TVShowDetailPresenter.swift; sourceTree = "<group>"; };
		CF6BF642270787D900500382 /* TVShowDetailViewController.swift */ = {isa = PBXFileReference; lastKnownFileType = sourcecode.swift; path = TVShowDetailViewController.swift; sourceTree = "<group>"; };
		CF6BF643270787D900500382 /* TVShowDetailViewController.xib */ = {isa = PBXFileReference; lastKnownFileType = file.xib; path = TVShowDetailViewController.xib; sourceTree = "<group>"; };
		CF6BF6462707B11800500382 /* UIView+Extension.swift */ = {isa = PBXFileReference; lastKnownFileType = sourcecode.swift; path = "UIView+Extension.swift"; sourceTree = "<group>"; };
		CF6BF6492708397100500382 /* GlobalDataManager.swift */ = {isa = PBXFileReference; lastKnownFileType = sourcecode.swift; path = GlobalDataManager.swift; sourceTree = "<group>"; };
		CFD344382704E7B300EDDB54 /* TVShows.app */ = {isa = PBXFileReference; explicitFileType = wrapper.application; includeInIndex = 0; path = TVShows.app; sourceTree = BUILT_PRODUCTS_DIR; };
		CFD3443B2704E7B300EDDB54 /* AppDelegate.swift */ = {isa = PBXFileReference; lastKnownFileType = sourcecode.swift; path = AppDelegate.swift; sourceTree = "<group>"; };
		CFD344452704E7B300EDDB54 /* TVShows.xcdatamodel */ = {isa = PBXFileReference; lastKnownFileType = wrapper.xcdatamodel; path = TVShows.xcdatamodel; sourceTree = "<group>"; };
		CFD344472704E7B600EDDB54 /* Assets.xcassets */ = {isa = PBXFileReference; lastKnownFileType = folder.assetcatalog; path = Assets.xcassets; sourceTree = "<group>"; };
		CFD3444A2704E7B600EDDB54 /* Base */ = {isa = PBXFileReference; lastKnownFileType = file.storyboard; name = Base; path = Base.lproj/LaunchScreen.storyboard; sourceTree = "<group>"; };
		CFD3444C2704E7B600EDDB54 /* Info.plist */ = {isa = PBXFileReference; lastKnownFileType = text.plist.xml; path = Info.plist; sourceTree = "<group>"; };
		CFD344512704E7B600EDDB54 /* TVShowsTests.xctest */ = {isa = PBXFileReference; explicitFileType = wrapper.cfbundle; includeInIndex = 0; path = TVShowsTests.xctest; sourceTree = BUILT_PRODUCTS_DIR; };
		CFD344552704E7B600EDDB54 /* TVShowsTests.swift */ = {isa = PBXFileReference; lastKnownFileType = sourcecode.swift; path = TVShowsTests.swift; sourceTree = "<group>"; };
		CFD3445B2704E7B600EDDB54 /* TVShowsUITests.xctest */ = {isa = PBXFileReference; explicitFileType = wrapper.cfbundle; includeInIndex = 0; path = TVShowsUITests.xctest; sourceTree = BUILT_PRODUCTS_DIR; };
		CFD3445F2704E7B600EDDB54 /* TVShowsUITests.swift */ = {isa = PBXFileReference; lastKnownFileType = sourcecode.swift; path = TVShowsUITests.swift; sourceTree = "<group>"; };
		CFD344612704E7B600EDDB54 /* TVShowsUITestsLaunchTests.swift */ = {isa = PBXFileReference; lastKnownFileType = sourcecode.swift; path = TVShowsUITestsLaunchTests.swift; sourceTree = "<group>"; };
		CFD344722705237100EDDB54 /* TabBarViewController.swift */ = {isa = PBXFileReference; lastKnownFileType = sourcecode.swift; path = TabBarViewController.swift; sourceTree = "<group>"; };
		CFD3447B2705340300EDDB54 /* TVShowsViewController.swift */ = {isa = PBXFileReference; lastKnownFileType = sourcecode.swift; path = TVShowsViewController.swift; sourceTree = "<group>"; };
		CFD3447C2705340300EDDB54 /* TVShowsViewController.xib */ = {isa = PBXFileReference; lastKnownFileType = file.xib; path = TVShowsViewController.xib; sourceTree = "<group>"; };
		CFD34480270534DD00EDDB54 /* FavoritesViewController.swift */ = {isa = PBXFileReference; lastKnownFileType = sourcecode.swift; path = FavoritesViewController.swift; sourceTree = "<group>"; };
		CFD34481270534DD00EDDB54 /* FavoritesViewController.xib */ = {isa = PBXFileReference; lastKnownFileType = file.xib; path = FavoritesViewController.xib; sourceTree = "<group>"; };
		CFD3448627053BB800EDDB54 /* UIColor+Extension.swift */ = {isa = PBXFileReference; lastKnownFileType = sourcecode.swift; path = "UIColor+Extension.swift"; sourceTree = "<group>"; };
		CFD344892705EE5A00EDDB54 /* TVSNavigationController.swift */ = {isa = PBXFileReference; lastKnownFileType = sourcecode.swift; path = TVSNavigationController.swift; sourceTree = "<group>"; };
		CFD3448F2705F19700EDDB54 /* TVMazeApi.swift */ = {isa = PBXFileReference; lastKnownFileType = sourcecode.swift; path = TVMazeApi.swift; sourceTree = "<group>"; };
		CFD344932705F47500EDDB54 /* TVShowTableViewCell.swift */ = {isa = PBXFileReference; lastKnownFileType = sourcecode.swift; path = TVShowTableViewCell.swift; sourceTree = "<group>"; };
		CFD344942705F47500EDDB54 /* TVShowTableViewCell.xib */ = {isa = PBXFileReference; lastKnownFileType = file.xib; path = TVShowTableViewCell.xib; sourceTree = "<group>"; };
		CFD344972706118C00EDDB54 /* CoreDataManager.swift */ = {isa = PBXFileReference; lastKnownFileType = sourcecode.swift; path = CoreDataManager.swift; sourceTree = "<group>"; };
		CFD3449A270611CB00EDDB54 /* APiCaller.swift */ = {isa = PBXFileReference; lastKnownFileType = sourcecode.swift; path = APiCaller.swift; sourceTree = "<group>"; };
		CFD3449D27061CF400EDDB54 /* TVShowsPresenter.swift */ = {isa = PBXFileReference; lastKnownFileType = sourcecode.swift; path = TVShowsPresenter.swift; sourceTree = "<group>"; };
		CFD344A027061DEB00EDDB54 /* TVShow.swift */ = {isa = PBXFileReference; lastKnownFileType = sourcecode.swift; path = TVShow.swift; sourceTree = "<group>"; };
		CFD344A32706391500EDDB54 /* TVShowsInteractor.swift */ = {isa = PBXFileReference; lastKnownFileType = sourcecode.swift; path = TVShowsInteractor.swift; sourceTree = "<group>"; };
		CFD344A627063F9D00EDDB54 /* TVShowsRouter.swift */ = {isa = PBXFileReference; lastKnownFileType = sourcecode.swift; path = TVShowsRouter.swift; sourceTree = "<group>"; };
		CFDCE4982708694E00DFE58E /* COMMENTS.txt */ = {isa = PBXFileReference; lastKnownFileType = text; path = COMMENTS.txt; sourceTree = "<group>"; };
/* End PBXFileReference section */

/* Begin PBXFrameworksBuildPhase section */
		CFD344352704E7B300EDDB54 /* Frameworks */ = {
			isa = PBXFrameworksBuildPhase;
			buildActionMask = 2147483647;
			files = (
				CFDDCBA627064CF5003307A8 /* SDWebImage in Frameworks */,
			);
			runOnlyForDeploymentPostprocessing = 0;
		};
		CFD3444E2704E7B600EDDB54 /* Frameworks */ = {
			isa = PBXFrameworksBuildPhase;
			buildActionMask = 2147483647;
			files = (
			);
			runOnlyForDeploymentPostprocessing = 0;
		};
		CFD344582704E7B600EDDB54 /* Frameworks */ = {
			isa = PBXFrameworksBuildPhase;
			buildActionMask = 2147483647;
			files = (
			);
			runOnlyForDeploymentPostprocessing = 0;
		};
/* End PBXFrameworksBuildPhase section */

/* Begin PBXGroup section */
		CF6BF62E270674EB00500382 /* Interactor */ = {
			isa = PBXGroup;
			children = (
				CF6BF62F2706751000500382 /* FavoritesInteractor.swift */,
			);
			path = Interactor;
			sourceTree = "<group>";
		};
		CF6BF6312706762100500382 /* Presenter */ = {
			isa = PBXGroup;
			children = (
				CF6BF6322706763200500382 /* FavoritesPresenter.swift */,
			);
			path = Presenter;
			sourceTree = "<group>";
		};
		CF6BF634270678F100500382 /* Router */ = {
			isa = PBXGroup;
			children = (
				CF6BF635270678FC00500382 /* FavoritesRouter.swift */,
			);
			path = Router;
			sourceTree = "<group>";
		};
		CF6BF63727077DA200500382 /* TVShowDetail */ = {
			isa = PBXGroup;
			children = (
				CF6BF641270787B600500382 /* View */,
				CF6BF63E2707815700500382 /* Presenter */,
				CF6BF63B27077F4C00500382 /* Interactor */,
				CF6BF63827077DB000500382 /* Router */,
			);
			path = TVShowDetail;
			sourceTree = "<group>";
		};
		CF6BF63827077DB000500382 /* Router */ = {
			isa = PBXGroup;
			children = (
				CF6BF63927077DBB00500382 /* TVShowDetailRouter.swift */,
			);
			path = Router;
			sourceTree = "<group>";
		};
		CF6BF63B27077F4C00500382 /* Interactor */ = {
			isa = PBXGroup;
			children = (
				CF6BF63C27077F7300500382 /* TVShowDetailInteractor.swift */,
			);
			path = Interactor;
			sourceTree = "<group>";
		};
		CF6BF63E2707815700500382 /* Presenter */ = {
			isa = PBXGroup;
			children = (
				CF6BF63F2707816900500382 /* TVShowDetailPresenter.swift */,
			);
			path = Presenter;
			sourceTree = "<group>";
		};
		CF6BF641270787B600500382 /* View */ = {
			isa = PBXGroup;
			children = (
				CF6BF642270787D900500382 /* TVShowDetailViewController.swift */,
				CF6BF643270787D900500382 /* TVShowDetailViewController.xib */,
			);
			path = View;
			sourceTree = "<group>";
		};
		CF6BF6482708395D00500382 /* GlobalDataManager */ = {
			isa = PBXGroup;
			children = (
				CF6BF6492708397100500382 /* GlobalDataManager.swift */,
			);
			path = GlobalDataManager;
			sourceTree = "<group>";
		};
		CFD3442F2704E7B300EDDB54 = {
			isa = PBXGroup;
			children = (
				CFDCE4982708694E00DFE58E /* COMMENTS.txt */,
				CFD3443A2704E7B300EDDB54 /* TVShows */,
				CFD344542704E7B600EDDB54 /* TVShowsTests */,
				CFD3445E2704E7B600EDDB54 /* TVShowsUITests */,
				CFD344392704E7B300EDDB54 /* Products */,
			);
			sourceTree = "<group>";
		};
		CFD344392704E7B300EDDB54 /* Products */ = {
			isa = PBXGroup;
			children = (
				CFD344382704E7B300EDDB54 /* TVShows.app */,
				CFD344512704E7B600EDDB54 /* TVShowsTests.xctest */,
				CFD3445B2704E7B600EDDB54 /* TVShowsUITests.xctest */,
			);
			name = Products;
			sourceTree = "<group>";
		};
		CFD3443A2704E7B300EDDB54 /* TVShows */ = {
			isa = PBXGroup;
			children = (
				CFD3448C2705F12700EDDB54 /* Managers */,
				CFD3448427053B9B00EDDB54 /* Resources */,
				CFD3446F2705230300EDDB54 /* Modules */,
				CFD3446E270522F300EDDB54 /* App */,
				CFD344472704E7B600EDDB54 /* Assets.xcassets */,
				CFD344492704E7B600EDDB54 /* LaunchScreen.storyboard */,
				CFD3444C2704E7B600EDDB54 /* Info.plist */,
			);
			path = TVShows;
			sourceTree = "<group>";
		};
		CFD344542704E7B600EDDB54 /* TVShowsTests */ = {
			isa = PBXGroup;
			children = (
				CFD344552704E7B600EDDB54 /* TVShowsTests.swift */,
			);
			path = TVShowsTests;
			sourceTree = "<group>";
		};
		CFD3445E2704E7B600EDDB54 /* TVShowsUITests */ = {
			isa = PBXGroup;
			children = (
				CFD3445F2704E7B600EDDB54 /* TVShowsUITests.swift */,
				CFD344612704E7B600EDDB54 /* TVShowsUITestsLaunchTests.swift */,
			);
			path = TVShowsUITests;
			sourceTree = "<group>";
		};
		CFD3446E270522F300EDDB54 /* App */ = {
			isa = PBXGroup;
			children = (
				CFD3443B2704E7B300EDDB54 /* AppDelegate.swift */,
			);
			path = App;
			sourceTree = "<group>";
		};
		CFD3446F2705230300EDDB54 /* Modules */ = {
			isa = PBXGroup;
			children = (
				CF6BF63727077DA200500382 /* TVShowDetail */,
				CFD3447527052A1300EDDB54 /* Favorites */,
				CFD34474270529FC00EDDB54 /* TVShows */,
				CFD344702705231F00EDDB54 /* TabBar */,
			);
			path = Modules;
			sourceTree = "<group>";
		};
		CFD344702705231F00EDDB54 /* TabBar */ = {
			isa = PBXGroup;
			children = (
				CFD344712705233900EDDB54 /* View */,
			);
			path = TabBar;
			sourceTree = "<group>";
		};
		CFD344712705233900EDDB54 /* View */ = {
			isa = PBXGroup;
			children = (
				CFD344722705237100EDDB54 /* TabBarViewController.swift */,
			);
			path = View;
			sourceTree = "<group>";
		};
		CFD34474270529FC00EDDB54 /* TVShows */ = {
			isa = PBXGroup;
			children = (
				CFD344A527063F8A00EDDB54 /* Router */,
				CFD344A2270638FA00EDDB54 /* Interactor */,
				CFD3449F27061DD700EDDB54 /* Entity */,
				CFD3449C27061CE000EDDB54 /* Presenter */,
				CFD3447627052B8400EDDB54 /* View */,
			);
			path = TVShows;
			sourceTree = "<group>";
		};
		CFD3447527052A1300EDDB54 /* Favorites */ = {
			isa = PBXGroup;
			children = (
				CF6BF634270678F100500382 /* Router */,
				CF6BF6312706762100500382 /* Presenter */,
				CF6BF62E270674EB00500382 /* Interactor */,
				CFD3447F270534C900EDDB54 /* View */,
			);
			path = Favorites;
			sourceTree = "<group>";
		};
		CFD3447627052B8400EDDB54 /* View */ = {
			isa = PBXGroup;
			children = (
				CFD3447B2705340300EDDB54 /* TVShowsViewController.swift */,
				CFD3447C2705340300EDDB54 /* TVShowsViewController.xib */,
			);
			path = View;
			sourceTree = "<group>";
		};
		CFD3447F270534C900EDDB54 /* View */ = {
			isa = PBXGroup;
			children = (
				CFD34480270534DD00EDDB54 /* FavoritesViewController.swift */,
				CFD34481270534DD00EDDB54 /* FavoritesViewController.xib */,
			);
			path = View;
			sourceTree = "<group>";
		};
		CFD3448427053B9B00EDDB54 /* Resources */ = {
			isa = PBXGroup;
			children = (
				CFD344882705EBE500EDDB54 /* Widgets */,
				CFD3448527053BA300EDDB54 /* Extensions */,
			);
			path = Resources;
			sourceTree = "<group>";
		};
		CFD3448527053BA300EDDB54 /* Extensions */ = {
			isa = PBXGroup;
			children = (
				CFD3448627053BB800EDDB54 /* UIColor+Extension.swift */,
				CF6BF6462707B11800500382 /* UIView+Extension.swift */,
			);
			path = Extensions;
			sourceTree = "<group>";
		};
		CFD344882705EBE500EDDB54 /* Widgets */ = {
			isa = PBXGroup;
			children = (
				CFD344922705F44600EDDB54 /* Cells */,
				CFD344892705EE5A00EDDB54 /* TVSNavigationController.swift */,
			);
			path = Widgets;
			sourceTree = "<group>";
		};
		CFD3448B2705F11500EDDB54 /* Network */ = {
			isa = PBXGroup;
			children = (
				CFD344992706119D00EDDB54 /* APICaller */,
				CFD3448E2705F18100EDDB54 /* Config */,
			);
			path = Network;
			sourceTree = "<group>";
		};
		CFD3448C2705F12700EDDB54 /* Managers */ = {
			isa = PBXGroup;
			children = (
				CF6BF6482708395D00500382 /* GlobalDataManager */,
				CFD3448D2705F13600EDDB54 /* CoreData */,
				CFD3448B2705F11500EDDB54 /* Network */,
			);
			path = Managers;
			sourceTree = "<group>";
		};
		CFD3448D2705F13600EDDB54 /* CoreData */ = {
			isa = PBXGroup;
			children = (
				CF6BF62827065D8800500382 /* FavoritesTVShows+CoreDataClass.swift */,
				CF6BF62927065D8800500382 /* FavoritesTVShows+CoreDataProperties.swift */,
				CFD344972706118C00EDDB54 /* CoreDataManager.swift */,
				CFD344442704E7B300EDDB54 /* TVShows.xcdatamodeld */,
			);
			path = CoreData;
			sourceTree = "<group>";
		};
		CFD3448E2705F18100EDDB54 /* Config */ = {
			isa = PBXGroup;
			children = (
				CFD3448F2705F19700EDDB54 /* TVMazeApi.swift */,
			);
			path = Config;
			sourceTree = "<group>";
		};
		CFD344922705F44600EDDB54 /* Cells */ = {
			isa = PBXGroup;
			children = (
				CFD344932705F47500EDDB54 /* TVShowTableViewCell.swift */,
				CFD344942705F47500EDDB54 /* TVShowTableViewCell.xib */,
			);
			path = Cells;
			sourceTree = "<group>";
		};
		CFD344992706119D00EDDB54 /* APICaller */ = {
			isa = PBXGroup;
			children = (
				CFD3449A270611CB00EDDB54 /* APiCaller.swift */,
			);
			path = APICaller;
			sourceTree = "<group>";
		};
		CFD3449C27061CE000EDDB54 /* Presenter */ = {
			isa = PBXGroup;
			children = (
				CFD3449D27061CF400EDDB54 /* TVShowsPresenter.swift */,
			);
			path = Presenter;
			sourceTree = "<group>";
		};
		CFD3449F27061DD700EDDB54 /* Entity */ = {
			isa = PBXGroup;
			children = (
				CFD344A027061DEB00EDDB54 /* TVShow.swift */,
			);
			path = Entity;
			sourceTree = "<group>";
		};
		CFD344A2270638FA00EDDB54 /* Interactor */ = {
			isa = PBXGroup;
			children = (
				CFD344A32706391500EDDB54 /* TVShowsInteractor.swift */,
			);
			path = Interactor;
			sourceTree = "<group>";
		};
		CFD344A527063F8A00EDDB54 /* Router */ = {
			isa = PBXGroup;
			children = (
				CFD344A627063F9D00EDDB54 /* TVShowsRouter.swift */,
			);
			path = Router;
			sourceTree = "<group>";
		};
/* End PBXGroup section */

/* Begin PBXNativeTarget section */
		CFD344372704E7B300EDDB54 /* TVShows */ = {
			isa = PBXNativeTarget;
			buildConfigurationList = CFD344652704E7B600EDDB54 /* Build configuration list for PBXNativeTarget "TVShows" */;
			buildPhases = (
				CFD344342704E7B300EDDB54 /* Sources */,
				CFD344352704E7B300EDDB54 /* Frameworks */,
				CFD344362704E7B300EDDB54 /* Resources */,
			);
			buildRules = (
			);
			dependencies = (
			);
			name = TVShows;
			packageProductDependencies = (
				CFDDCBA527064CF5003307A8 /* SDWebImage */,
			);
			productName = TVShows;
			productReference = CFD344382704E7B300EDDB54 /* TVShows.app */;
			productType = "com.apple.product-type.application";
		};
		CFD344502704E7B600EDDB54 /* TVShowsTests */ = {
			isa = PBXNativeTarget;
			buildConfigurationList = CFD344682704E7B600EDDB54 /* Build configuration list for PBXNativeTarget "TVShowsTests" */;
			buildPhases = (
				CFD3444D2704E7B600EDDB54 /* Sources */,
				CFD3444E2704E7B600EDDB54 /* Frameworks */,
				CFD3444F2704E7B600EDDB54 /* Resources */,
			);
			buildRules = (
			);
			dependencies = (
				CFD344532704E7B600EDDB54 /* PBXTargetDependency */,
			);
			name = TVShowsTests;
			productName = TVShowsTests;
			productReference = CFD344512704E7B600EDDB54 /* TVShowsTests.xctest */;
			productType = "com.apple.product-type.bundle.unit-test";
		};
		CFD3445A2704E7B600EDDB54 /* TVShowsUITests */ = {
			isa = PBXNativeTarget;
			buildConfigurationList = CFD3446B2704E7B600EDDB54 /* Build configuration list for PBXNativeTarget "TVShowsUITests" */;
			buildPhases = (
				CFD344572704E7B600EDDB54 /* Sources */,
				CFD344582704E7B600EDDB54 /* Frameworks */,
				CFD344592704E7B600EDDB54 /* Resources */,
			);
			buildRules = (
			);
			dependencies = (
				CFD3445D2704E7B600EDDB54 /* PBXTargetDependency */,
			);
			name = TVShowsUITests;
			productName = TVShowsUITests;
			productReference = CFD3445B2704E7B600EDDB54 /* TVShowsUITests.xctest */;
			productType = "com.apple.product-type.bundle.ui-testing";
		};
/* End PBXNativeTarget section */

/* Begin PBXProject section */
		CFD344302704E7B300EDDB54 /* Project object */ = {
			isa = PBXProject;
			attributes = {
				BuildIndependentTargetsInParallel = 1;
				LastSwiftUpdateCheck = 1300;
				LastUpgradeCheck = 1300;
				TargetAttributes = {
					CFD344372704E7B300EDDB54 = {
						CreatedOnToolsVersion = 13.0;
					};
					CFD344502704E7B600EDDB54 = {
						CreatedOnToolsVersion = 13.0;
						TestTargetID = CFD344372704E7B300EDDB54;
					};
					CFD3445A2704E7B600EDDB54 = {
						CreatedOnToolsVersion = 13.0;
						TestTargetID = CFD344372704E7B300EDDB54;
					};
				};
			};
			buildConfigurationList = CFD344332704E7B300EDDB54 /* Build configuration list for PBXProject "TVShows" */;
			compatibilityVersion = "Xcode 13.0";
			developmentRegion = en;
			hasScannedForEncodings = 0;
			knownRegions = (
				en,
				Base,
			);
			mainGroup = CFD3442F2704E7B300EDDB54;
			packageReferences = (
				CFDDCBA427064CF5003307A8 /* XCRemoteSwiftPackageReference "SDWebImage" */,
			);
			productRefGroup = CFD344392704E7B300EDDB54 /* Products */;
			projectDirPath = "";
			projectRoot = "";
			targets = (
				CFD344372704E7B300EDDB54 /* TVShows */,
				CFD344502704E7B600EDDB54 /* TVShowsTests */,
				CFD3445A2704E7B600EDDB54 /* TVShowsUITests */,
			);
		};
/* End PBXProject section */

/* Begin PBXResourcesBuildPhase section */
		CFD344362704E7B300EDDB54 /* Resources */ = {
			isa = PBXResourcesBuildPhase;
			buildActionMask = 2147483647;
			files = (
				CFD3444B2704E7B600EDDB54 /* LaunchScreen.storyboard in Resources */,
				CFDCE4992708694E00DFE58E /* COMMENTS.txt in Resources */,
				CFD344482704E7B600EDDB54 /* Assets.xcassets in Resources */,
				CFD34483270534DD00EDDB54 /* FavoritesViewController.xib in Resources */,
				CFD344962705F47500EDDB54 /* TVShowTableViewCell.xib in Resources */,
				CF6BF645270787D900500382 /* TVShowDetailViewController.xib in Resources */,
				CFD3447E2705340300EDDB54 /* TVShowsViewController.xib in Resources */,
			);
			runOnlyForDeploymentPostprocessing = 0;
		};
		CFD3444F2704E7B600EDDB54 /* Resources */ = {
			isa = PBXResourcesBuildPhase;
			buildActionMask = 2147483647;
			files = (
			);
			runOnlyForDeploymentPostprocessing = 0;
		};
		CFD344592704E7B600EDDB54 /* Resources */ = {
			isa = PBXResourcesBuildPhase;
			buildActionMask = 2147483647;
			files = (
			);
			runOnlyForDeploymentPostprocessing = 0;
		};
/* End PBXResourcesBuildPhase section */

/* Begin PBXSourcesBuildPhase section */
		CFD344342704E7B300EDDB54 /* Sources */ = {
			isa = PBXSourcesBuildPhase;
			buildActionMask = 2147483647;
			files = (
				CF6BF644270787D900500382 /* TVShowDetailViewController.swift in Sources */,
				CF6BF636270678FC00500382 /* FavoritesRouter.swift in Sources */,
				CF6BF62C27065EFD00500382 /* FavoritesTVShows+CoreDataClass.swift in Sources */,
				CF6BF62D27065EFD00500382 /* FavoritesTVShows+CoreDataProperties.swift in Sources */,
				CFD344A127061DEB00EDDB54 /* TVShow.swift in Sources */,
				CF6BF6332706763200500382 /* FavoritesPresenter.swift in Sources */,
				CFD344A42706391500EDDB54 /* TVShowsInteractor.swift in Sources */,
				CFD3447D2705340300EDDB54 /* TVShowsViewController.swift in Sources */,
				CFD344952705F47500EDDB54 /* TVShowTableViewCell.swift in Sources */,
				CFD344732705237100EDDB54 /* TabBarViewController.swift in Sources */,
				CFD344A727063F9D00EDDB54 /* TVShowsRouter.swift in Sources */,
				CFD3443C2704E7B300EDDB54 /* AppDelegate.swift in Sources */,
				CFD344982706118C00EDDB54 /* CoreDataManager.swift in Sources */,
				CFD344902705F19700EDDB54 /* TVMazeApi.swift in Sources */,
				CF6BF64A2708397100500382 /* GlobalDataManager.swift in Sources */,
				CFD3448727053BB800EDDB54 /* UIColor+Extension.swift in Sources */,
				CF6BF6302706751000500382 /* FavoritesInteractor.swift in Sources */,
				CFD3448A2705EE5A00EDDB54 /* TVSNavigationController.swift in Sources */,
				CF6BF6402707816900500382 /* TVShowDetailPresenter.swift in Sources */,
				CF6BF63A27077DBB00500382 /* TVShowDetailRouter.swift in Sources */,
				CFD3449B270611CB00EDDB54 /* APiCaller.swift in Sources */,
				CF6BF63D27077F7300500382 /* TVShowDetailInteractor.swift in Sources */,
				CFD34482270534DD00EDDB54 /* FavoritesViewController.swift in Sources */,
				CFD344462704E7B300EDDB54 /* TVShows.xcdatamodeld in Sources */,
				CF6BF6472707B11800500382 /* UIView+Extension.swift in Sources */,
				CFD3449E27061CF400EDDB54 /* TVShowsPresenter.swift in Sources */,
			);
			runOnlyForDeploymentPostprocessing = 0;
		};
		CFD3444D2704E7B600EDDB54 /* Sources */ = {
			isa = PBXSourcesBuildPhase;
			buildActionMask = 2147483647;
			files = (
				CFD344562704E7B600EDDB54 /* TVShowsTests.swift in Sources */,
			);
			runOnlyForDeploymentPostprocessing = 0;
		};
		CFD344572704E7B600EDDB54 /* Sources */ = {
			isa = PBXSourcesBuildPhase;
			buildActionMask = 2147483647;
			files = (
				CFD344602704E7B600EDDB54 /* TVShowsUITests.swift in Sources */,
				CFD344622704E7B600EDDB54 /* TVShowsUITestsLaunchTests.swift in Sources */,
			);
			runOnlyForDeploymentPostprocessing = 0;
		};
/* End PBXSourcesBuildPhase section */

/* Begin PBXTargetDependency section */
		CFD344532704E7B600EDDB54 /* PBXTargetDependency */ = {
			isa = PBXTargetDependency;
			target = CFD344372704E7B300EDDB54 /* TVShows */;
			targetProxy = CFD344522704E7B600EDDB54 /* PBXContainerItemProxy */;
		};
		CFD3445D2704E7B600EDDB54 /* PBXTargetDependency */ = {
			isa = PBXTargetDependency;
			target = CFD344372704E7B300EDDB54 /* TVShows */;
			targetProxy = CFD3445C2704E7B600EDDB54 /* PBXContainerItemProxy */;
		};
/* End PBXTargetDependency section */

/* Begin PBXVariantGroup section */
		CFD344492704E7B600EDDB54 /* LaunchScreen.storyboard */ = {
			isa = PBXVariantGroup;
			children = (
				CFD3444A2704E7B600EDDB54 /* Base */,
			);
			name = LaunchScreen.storyboard;
			sourceTree = "<group>";
		};
/* End PBXVariantGroup section */

/* Begin XCBuildConfiguration section */
		CFD344632704E7B600EDDB54 /* Debug */ = {
			isa = XCBuildConfiguration;
			buildSettings = {
				ALWAYS_SEARCH_USER_PATHS = NO;
				CLANG_ANALYZER_NONNULL = YES;
				CLANG_ANALYZER_NUMBER_OBJECT_CONVERSION = YES_AGGRESSIVE;
				CLANG_CXX_LANGUAGE_STANDARD = "gnu++17";
				CLANG_CXX_LIBRARY = "libc++";
				CLANG_ENABLE_MODULES = YES;
				CLANG_ENABLE_OBJC_ARC = YES;
				CLANG_ENABLE_OBJC_WEAK = YES;
				CLANG_WARN_BLOCK_CAPTURE_AUTORELEASING = YES;
				CLANG_WARN_BOOL_CONVERSION = YES;
				CLANG_WARN_COMMA = YES;
				CLANG_WARN_CONSTANT_CONVERSION = YES;
				CLANG_WARN_DEPRECATED_OBJC_IMPLEMENTATIONS = YES;
				CLANG_WARN_DIRECT_OBJC_ISA_USAGE = YES_ERROR;
				CLANG_WARN_DOCUMENTATION_COMMENTS = YES;
				CLANG_WARN_EMPTY_BODY = YES;
				CLANG_WARN_ENUM_CONVERSION = YES;
				CLANG_WARN_INFINITE_RECURSION = YES;
				CLANG_WARN_INT_CONVERSION = YES;
				CLANG_WARN_NON_LITERAL_NULL_CONVERSION = YES;
				CLANG_WARN_OBJC_IMPLICIT_RETAIN_SELF = YES;
				CLANG_WARN_OBJC_LITERAL_CONVERSION = YES;
				CLANG_WARN_OBJC_ROOT_CLASS = YES_ERROR;
				CLANG_WARN_QUOTED_INCLUDE_IN_FRAMEWORK_HEADER = YES;
				CLANG_WARN_RANGE_LOOP_ANALYSIS = YES;
				CLANG_WARN_STRICT_PROTOTYPES = YES;
				CLANG_WARN_SUSPICIOUS_MOVE = YES;
				CLANG_WARN_UNGUARDED_AVAILABILITY = YES_AGGRESSIVE;
				CLANG_WARN_UNREACHABLE_CODE = YES;
				CLANG_WARN__DUPLICATE_METHOD_MATCH = YES;
				COPY_PHASE_STRIP = NO;
				DEBUG_INFORMATION_FORMAT = dwarf;
				ENABLE_STRICT_OBJC_MSGSEND = YES;
				ENABLE_TESTABILITY = YES;
				GCC_C_LANGUAGE_STANDARD = gnu11;
				GCC_DYNAMIC_NO_PIC = NO;
				GCC_NO_COMMON_BLOCKS = YES;
				GCC_OPTIMIZATION_LEVEL = 0;
				GCC_PREPROCESSOR_DEFINITIONS = (
					"DEBUG=1",
					"$(inherited)",
				);
				GCC_WARN_64_TO_32_BIT_CONVERSION = YES;
				GCC_WARN_ABOUT_RETURN_TYPE = YES_ERROR;
				GCC_WARN_UNDECLARED_SELECTOR = YES;
				GCC_WARN_UNINITIALIZED_AUTOS = YES_AGGRESSIVE;
				GCC_WARN_UNUSED_FUNCTION = YES;
				GCC_WARN_UNUSED_VARIABLE = YES;
				IPHONEOS_DEPLOYMENT_TARGET = 15.0;
				MTL_ENABLE_DEBUG_INFO = INCLUDE_SOURCE;
				MTL_FAST_MATH = YES;
				ONLY_ACTIVE_ARCH = YES;
				SDKROOT = iphoneos;
				SWIFT_ACTIVE_COMPILATION_CONDITIONS = DEBUG;
				SWIFT_OPTIMIZATION_LEVEL = "-Onone";
			};
			name = Debug;
		};
		CFD344642704E7B600EDDB54 /* Release */ = {
			isa = XCBuildConfiguration;
			buildSettings = {
				ALWAYS_SEARCH_USER_PATHS = NO;
				CLANG_ANALYZER_NONNULL = YES;
				CLANG_ANALYZER_NUMBER_OBJECT_CONVERSION = YES_AGGRESSIVE;
				CLANG_CXX_LANGUAGE_STANDARD = "gnu++17";
				CLANG_CXX_LIBRARY = "libc++";
				CLANG_ENABLE_MODULES = YES;
				CLANG_ENABLE_OBJC_ARC = YES;
				CLANG_ENABLE_OBJC_WEAK = YES;
				CLANG_WARN_BLOCK_CAPTURE_AUTORELEASING = YES;
				CLANG_WARN_BOOL_CONVERSION = YES;
				CLANG_WARN_COMMA = YES;
				CLANG_WARN_CONSTANT_CONVERSION = YES;
				CLANG_WARN_DEPRECATED_OBJC_IMPLEMENTATIONS = YES;
				CLANG_WARN_DIRECT_OBJC_ISA_USAGE = YES_ERROR;
				CLANG_WARN_DOCUMENTATION_COMMENTS = YES;
				CLANG_WARN_EMPTY_BODY = YES;
				CLANG_WARN_ENUM_CONVERSION = YES;
				CLANG_WARN_INFINITE_RECURSION = YES;
				CLANG_WARN_INT_CONVERSION = YES;
				CLANG_WARN_NON_LITERAL_NULL_CONVERSION = YES;
				CLANG_WARN_OBJC_IMPLICIT_RETAIN_SELF = YES;
				CLANG_WARN_OBJC_LITERAL_CONVERSION = YES;
				CLANG_WARN_OBJC_ROOT_CLASS = YES_ERROR;
				CLANG_WARN_QUOTED_INCLUDE_IN_FRAMEWORK_HEADER = YES;
				CLANG_WARN_RANGE_LOOP_ANALYSIS = YES;
				CLANG_WARN_STRICT_PROTOTYPES = YES;
				CLANG_WARN_SUSPICIOUS_MOVE = YES;
				CLANG_WARN_UNGUARDED_AVAILABILITY = YES_AGGRESSIVE;
				CLANG_WARN_UNREACHABLE_CODE = YES;
				CLANG_WARN__DUPLICATE_METHOD_MATCH = YES;
				COPY_PHASE_STRIP = NO;
				DEBUG_INFORMATION_FORMAT = "dwarf-with-dsym";
				ENABLE_NS_ASSERTIONS = NO;
				ENABLE_STRICT_OBJC_MSGSEND = YES;
				GCC_C_LANGUAGE_STANDARD = gnu11;
				GCC_NO_COMMON_BLOCKS = YES;
				GCC_WARN_64_TO_32_BIT_CONVERSION = YES;
				GCC_WARN_ABOUT_RETURN_TYPE = YES_ERROR;
				GCC_WARN_UNDECLARED_SELECTOR = YES;
				GCC_WARN_UNINITIALIZED_AUTOS = YES_AGGRESSIVE;
				GCC_WARN_UNUSED_FUNCTION = YES;
				GCC_WARN_UNUSED_VARIABLE = YES;
				IPHONEOS_DEPLOYMENT_TARGET = 15.0;
				MTL_ENABLE_DEBUG_INFO = NO;
				MTL_FAST_MATH = YES;
				SDKROOT = iphoneos;
				SWIFT_COMPILATION_MODE = wholemodule;
				SWIFT_OPTIMIZATION_LEVEL = "-O";
				VALIDATE_PRODUCT = YES;
			};
			name = Release;
		};
		CFD344662704E7B600EDDB54 /* Debug */ = {
			isa = XCBuildConfiguration;
			buildSettings = {
				ASSETCATALOG_COMPILER_APPICON_NAME = AppIcon;
				ASSETCATALOG_COMPILER_GLOBAL_ACCENT_COLOR_NAME = AccentColor;
				CODE_SIGN_STYLE = Automatic;
				CURRENT_PROJECT_VERSION = 1;
				DEVELOPMENT_TEAM = 8QFWQ47ZQW;
				GENERATE_INFOPLIST_FILE = YES;
				INFOPLIST_FILE = TVShows/Info.plist;
				INFOPLIST_KEY_UIApplicationSupportsIndirectInputEvents = YES;
				INFOPLIST_KEY_UILaunchStoryboardName = LaunchScreen;
				INFOPLIST_KEY_UISupportedInterfaceOrientations_iPad = "UIInterfaceOrientationPortrait UIInterfaceOrientationPortraitUpsideDown UIInterfaceOrientationLandscapeLeft UIInterfaceOrientationLandscapeRight";
				INFOPLIST_KEY_UISupportedInterfaceOrientations_iPhone = "UIInterfaceOrientationPortrait UIInterfaceOrientationLandscapeLeft UIInterfaceOrientationLandscapeRight";
				IPHONEOS_DEPLOYMENT_TARGET = 10.0;
				LD_RUNPATH_SEARCH_PATHS = (
					"$(inherited)",
					"@executable_path/Frameworks",
				);
				MARKETING_VERSION = 1.0;
				PRODUCT_BUNDLE_IDENTIFIER = com.jfdev.TVShows;
				PRODUCT_NAME = "$(TARGET_NAME)";
				SWIFT_EMIT_LOC_STRINGS = YES;
				SWIFT_VERSION = 5.0;
				TARGETED_DEVICE_FAMILY = 1;
			};
			name = Debug;
		};
		CFD344672704E7B600EDDB54 /* Release */ = {
			isa = XCBuildConfiguration;
			buildSettings = {
				ASSETCATALOG_COMPILER_APPICON_NAME = AppIcon;
				ASSETCATALOG_COMPILER_GLOBAL_ACCENT_COLOR_NAME = AccentColor;
				CODE_SIGN_STYLE = Automatic;
				CURRENT_PROJECT_VERSION = 1;
				DEVELOPMENT_TEAM = 8QFWQ47ZQW;
				GENERATE_INFOPLIST_FILE = YES;
				INFOPLIST_FILE = TVShows/Info.plist;
				INFOPLIST_KEY_UIApplicationSupportsIndirectInputEvents = YES;
				INFOPLIST_KEY_UILaunchStoryboardName = LaunchScreen;
				INFOPLIST_KEY_UISupportedInterfaceOrientations_iPad = "UIInterfaceOrientationPortrait UIInterfaceOrientationPortraitUpsideDown UIInterfaceOrientationLandscapeLeft UIInterfaceOrientationLandscapeRight";
				INFOPLIST_KEY_UISupportedInterfaceOrientations_iPhone = "UIInterfaceOrientationPortrait UIInterfaceOrientationLandscapeLeft UIInterfaceOrientationLandscapeRight";
				IPHONEOS_DEPLOYMENT_TARGET = 10.0;
				LD_RUNPATH_SEARCH_PATHS = (
					"$(inherited)",
					"@executable_path/Frameworks",
				);
				MARKETING_VERSION = 1.0;
				PRODUCT_BUNDLE_IDENTIFIER = com.jfdev.TVShows;
				PRODUCT_NAME = "$(TARGET_NAME)";
				SWIFT_EMIT_LOC_STRINGS = YES;
				SWIFT_VERSION = 5.0;
				TARGETED_DEVICE_FAMILY = 1;
			};
			name = Release;
		};
		CFD344692704E7B600EDDB54 /* Debug */ = {
			isa = XCBuildConfiguration;
			buildSettings = {
				ALWAYS_EMBED_SWIFT_STANDARD_LIBRARIES = YES;
				BUNDLE_LOADER = "$(TEST_HOST)";
				CODE_SIGN_STYLE = Automatic;
				CURRENT_PROJECT_VERSION = 1;
				DEVELOPMENT_TEAM = 8QFWQ47ZQW;
				GENERATE_INFOPLIST_FILE = YES;
				IPHONEOS_DEPLOYMENT_TARGET = 15.0;
				LD_RUNPATH_SEARCH_PATHS = (
					"$(inherited)",
					"@executable_path/Frameworks",
					"@loader_path/Frameworks",
				);
				MARKETING_VERSION = 1.0;
				PRODUCT_BUNDLE_IDENTIFIER = com.jfdev.TVShowsTests;
				PRODUCT_NAME = "$(TARGET_NAME)";
				SWIFT_EMIT_LOC_STRINGS = NO;
				SWIFT_VERSION = 5.0;
				TARGETED_DEVICE_FAMILY = "1,2";
				TEST_HOST = "$(BUILT_PRODUCTS_DIR)/TVShows.app/TVShows";
			};
			name = Debug;
		};
		CFD3446A2704E7B600EDDB54 /* Release */ = {
			isa = XCBuildConfiguration;
			buildSettings = {
				ALWAYS_EMBED_SWIFT_STANDARD_LIBRARIES = YES;
				BUNDLE_LOADER = "$(TEST_HOST)";
				CODE_SIGN_STYLE = Automatic;
				CURRENT_PROJECT_VERSION = 1;
				DEVELOPMENT_TEAM = 8QFWQ47ZQW;
				GENERATE_INFOPLIST_FILE = YES;
				IPHONEOS_DEPLOYMENT_TARGET = 15.0;
				LD_RUNPATH_SEARCH_PATHS = (
					"$(inherited)",
					"@executable_path/Frameworks",
					"@loader_path/Frameworks",
				);
				MARKETING_VERSION = 1.0;
				PRODUCT_BUNDLE_IDENTIFIER = com.jfdev.TVShowsTests;
				PRODUCT_NAME = "$(TARGET_NAME)";
				SWIFT_EMIT_LOC_STRINGS = NO;
				SWIFT_VERSION = 5.0;
				TARGETED_DEVICE_FAMILY = "1,2";
				TEST_HOST = "$(BUILT_PRODUCTS_DIR)/TVShows.app/TVShows";
			};
			name = Release;
		};
		CFD3446C2704E7B600EDDB54 /* Debug */ = {
			isa = XCBuildConfiguration;
			buildSettings = {
				ALWAYS_EMBED_SWIFT_STANDARD_LIBRARIES = YES;
				CODE_SIGN_STYLE = Automatic;
				CURRENT_PROJECT_VERSION = 1;
				DEVELOPMENT_TEAM = 8QFWQ47ZQW;
				GENERATE_INFOPLIST_FILE = YES;
				LD_RUNPATH_SEARCH_PATHS = (
					"$(inherited)",
					"@executable_path/Frameworks",
					"@loader_path/Frameworks",
				);
				MARKETING_VERSION = 1.0;
				PRODUCT_BUNDLE_IDENTIFIER = com.jfdev.TVShowsUITests;
				PRODUCT_NAME = "$(TARGET_NAME)";
				SWIFT_EMIT_LOC_STRINGS = NO;
				SWIFT_VERSION = 5.0;
				TARGETED_DEVICE_FAMILY = "1,2";
				TEST_TARGET_NAME = TVShows;
			};
			name = Debug;
		};
		CFD3446D2704E7B600EDDB54 /* Release */ = {
			isa = XCBuildConfiguration;
			buildSettings = {
				ALWAYS_EMBED_SWIFT_STANDARD_LIBRARIES = YES;
				CODE_SIGN_STYLE = Automatic;
				CURRENT_PROJECT_VERSION = 1;
				DEVELOPMENT_TEAM = 8QFWQ47ZQW;
				GENERATE_INFOPLIST_FILE = YES;
				LD_RUNPATH_SEARCH_PATHS = (
					"$(inherited)",
					"@executable_path/Frameworks",
					"@loader_path/Frameworks",
				);
				MARKETING_VERSION = 1.0;
				PRODUCT_BUNDLE_IDENTIFIER = com.jfdev.TVShowsUITests;
				PRODUCT_NAME = "$(TARGET_NAME)";
				SWIFT_EMIT_LOC_STRINGS = NO;
				SWIFT_VERSION = 5.0;
				TARGETED_DEVICE_FAMILY = "1,2";
				TEST_TARGET_NAME = TVShows;
			};
			name = Release;
		};
/* End XCBuildConfiguration section */

/* Begin XCConfigurationList section */
		CFD344332704E7B300EDDB54 /* Build configuration list for PBXProject "TVShows" */ = {
			isa = XCConfigurationList;
			buildConfigurations = (
				CFD344632704E7B600EDDB54 /* Debug */,
				CFD344642704E7B600EDDB54 /* Release */,
			);
			defaultConfigurationIsVisible = 0;
			defaultConfigurationName = Release;
		};
		CFD344652704E7B600EDDB54 /* Build configuration list for PBXNativeTarget "TVShows" */ = {
			isa = XCConfigurationList;
			buildConfigurations = (
				CFD344662704E7B600EDDB54 /* Debug */,
				CFD344672704E7B600EDDB54 /* Release */,
			);
			defaultConfigurationIsVisible = 0;
			defaultConfigurationName = Release;
		};
		CFD344682704E7B600EDDB54 /* Build configuration list for PBXNativeTarget "TVShowsTests" */ = {
			isa = XCConfigurationList;
			buildConfigurations = (
				CFD344692704E7B600EDDB54 /* Debug */,
				CFD3446A2704E7B600EDDB54 /* Release */,
			);
			defaultConfigurationIsVisible = 0;
			defaultConfigurationName = Release;
		};
		CFD3446B2704E7B600EDDB54 /* Build configuration list for PBXNativeTarget "TVShowsUITests" */ = {
			isa = XCConfigurationList;
			buildConfigurations = (
				CFD3446C2704E7B600EDDB54 /* Debug */,
				CFD3446D2704E7B600EDDB54 /* Release */,
			);
			defaultConfigurationIsVisible = 0;
			defaultConfigurationName = Release;
		};
/* End XCConfigurationList section */

/* Begin XCRemoteSwiftPackageReference section */
		CFDDCBA427064CF5003307A8 /* XCRemoteSwiftPackageReference "SDWebImage" */ = {
			isa = XCRemoteSwiftPackageReference;
			repositoryURL = "https://github.com/SDWebImage/SDWebImage";
			requirement = {
				kind = upToNextMajorVersion;
				minimumVersion = 5.0.0;
			};
		};
/* End XCRemoteSwiftPackageReference section */

/* Begin XCSwiftPackageProductDependency section */
		CFDDCBA527064CF5003307A8 /* SDWebImage */ = {
			isa = XCSwiftPackageProductDependency;
			package = CFDDCBA427064CF5003307A8 /* XCRemoteSwiftPackageReference "SDWebImage" */;
			productName = SDWebImage;
		};
/* End XCSwiftPackageProductDependency section */

/* Begin XCVersionGroup section */
		CFD344442704E7B300EDDB54 /* TVShows.xcdatamodeld */ = {
			isa = XCVersionGroup;
			children = (
				CFD344452704E7B300EDDB54 /* TVShows.xcdatamodel */,
			);
			currentVersion = CFD344452704E7B300EDDB54 /* TVShows.xcdatamodel */;
			path = TVShows.xcdatamodeld;
			sourceTree = "<group>";
			versionGroupType = wrapper.xcdatamodel;
		};
/* End XCVersionGroup section */
	};
	rootObject = CFD344302704E7B300EDDB54 /* Project object */;
}
